
Microsoft Visual Studio Solution File, Format Version 12.00
# Visual Studio Version 16
VisualStudioVersion = 16.0.35229.62
MinimumVisualStudioVersion = 10.0.40219.1
Project("{FAE04EC0-301F-11D3-BF4B-00C04F79EFBC}") = "GetProductStructure", "GetProductStructure\GetProductStructure.csproj", "{1A51B98F-EE85-420E-8B4C-0A636DACEDF5}"
EndProject
Global
	GlobalSection(SolutionConfigurationPlatforms) = preSolution
		Debug|Any CPU = Debug|Any CPU
		Release|Any CPU = Release|Any CPU
	EndGlobalSection
	GlobalSection(ProjectConfigurationPlatforms) = postSolution
		{1A51B98F-EE85-420E-8B4C-0A636DACEDF5}.Debug|Any CPU.ActiveCfg = Debug|Any CPU
		{1A51B98F-EE85-420E-8B4C-0A636DACEDF5}.Debug|Any CPU.Build.0 = Debug|Any CPU
		{1A51B98F-EE85-420E-8B4C-0A636DACEDF5}.Release|Any CPU.ActiveCfg = Release|Any CPU
		{1A51B98F-EE85-420E-8B4C-0A636DACEDF5}.Release|Any CPU.Build.0 = Release|Any CPU
	EndGlobalSection
	GlobalSection(SolutionProperties) = preSolution
		HideSolutionNode = FALSE
	EndGlobalSection
	GlobalSection(ExtensibilityGlobals) = postSolution
		SolutionGuid = {1D63C9F9-BFBD-4DCD-B5AA-31BDED230C30}
	EndGlobalSection
EndGlobal
